
Microsoft Visual Studio Solution File, Format Version 12.00
# Visual Studio Version 16
VisualStudioVersion = 16.0.31911.196
MinimumVisualStudioVersion = 10.0.40219.1
Project("{FAE04EC0-301F-11D3-BF4B-00C04F79EFBC}") = "Assignment_02", "Assignment_02\Assignment_02.csproj", "{3C9E4262-C2DF-4CF6-B5B5-02C8FF365497}"
EndProject
Project("{888888A0-9F3D-457C-B088-3A5042F75D52}") = "Assignment_02_python", "Assignment_02_python\Assignment_02_python.pyproj", "{0281C68D-165F-495B-A89A-285870087048}"
EndProject
Global
	GlobalSection(SolutionConfigurationPlatforms) = preSolution
		Debug|Any CPU = Debug|Any CPU
		Release|Any CPU = Release|Any CPU
	EndGlobalSection
	GlobalSection(ProjectConfigurationPlatforms) = postSolution
		{3C9E4262-C2DF-4CF6-B5B5-02C8FF365497}.Debug|Any CPU.ActiveCfg = Debug|Any CPU
		{3C9E4262-C2DF-4CF6-B5B5-02C8FF365497}.Debug|Any CPU.Build.0 = Debug|Any CPU
		{3C9E4262-C2DF-4CF6-B5B5-02C8FF365497}.Release|Any CPU.ActiveCfg = Release|Any CPU
		{3C9E4262-C2DF-4CF6-B5B5-02C8FF365497}.Release|Any CPU.Build.0 = Release|Any CPU
		{0281C68D-165F-495B-A89A-285870087048}.Debug|Any CPU.ActiveCfg = Debug|Any CPU
		{0281C68D-165F-495B-A89A-285870087048}.Release|Any CPU.ActiveCfg = Release|Any CPU
	EndGlobalSection
	GlobalSection(SolutionProperties) = preSolution
		HideSolutionNode = FALSE
	EndGlobalSection
	GlobalSection(ExtensibilityGlobals) = postSolution
		SolutionGuid = {14276CD3-21FA-4CD4-91D4-E2B42CB8CB41}
	EndGlobalSection
EndGlobal
